PODS:
  - FunctionalExtensions-ObjC (0.0.6)
  - Kiwi/ARC (2.2.3)
  - Kiwi/NonARC (2.2.3)
  - Kiwi/XCTest (2.2.3):
    - Kiwi/ARC
    - Kiwi/NonARC

DEPENDENCIES:
  - FunctionalExtensions-ObjC (from `..`)
  - Kiwi/XCTest (~> 2.2.3)

EXTERNAL SOURCES:
  FunctionalExtensions-ObjC:
    :path: ..

SPEC CHECKSUMS:
  FunctionalExtensions-ObjC: 1fa0834a51a4fd6fbb3e1d95010fee297a77f87b
  Kiwi: 04c51e880831d291748ec702d42c4101f7eb95c9

COCOAPODS: 0.29.0
